// !$*UTF8*$!
{
	archiveVersion = 1;
	classes = {
	};
	objectVersion = 56;
	objects = {

/* Begin PBXBuildFile section */
		18442D76F7DCBF62B3BA86FB /* Pods_RadiusAgent.framework in Frameworks */ = {isa = PBXBuildFile; fileRef = 662685F872A175F0BB8032C3 /* Pods_RadiusAgent.framework */; };
		C23A53D72A4E22B600ADA929 /* FacilityTypeCell.swift in Sources */ = {isa = PBXBuildFile; fileRef = C23A53D62A4E22B600ADA929 /* FacilityTypeCell.swift */; };
		C28E117E2A4EE02400C3BB0B /* vivek.swift in Sources */ = {isa = PBXBuildFile; fileRef = C28E117D2A4EE02400C3BB0B /* vivek.swift */; };
		C28E375C2A4DCAE900E26221 /* PropertyTypeCell.swift in Sources */ = {isa = PBXBuildFile; fileRef = C28E375B2A4DCAE900E26221 /* PropertyTypeCell.swift */; };
		C28E37862A4E00DA00E26221 /* Poppins-MediumItalic.ttf in Resources */ = {isa = PBXBuildFile; fileRef = C28E37732A4E00D900E26221 /* Poppins-MediumItalic.ttf */; };
		C28E37872A4E00DA00E26221 /* Poppins-BlackItalic.ttf in Resources */ = {isa = PBXBuildFile; fileRef = C28E37742A4E00D900E26221 /* Poppins-BlackItalic.ttf */; };
		C28E37882A4E00DA00E26221 /* Poppins-Bold.ttf in Resources */ = {isa = PBXBuildFile; fileRef = C28E37752A4E00D900E26221 /* Poppins-Bold.ttf */; };
		C28E37892A4E00DA00E26221 /* Poppins-Italic.ttf in Resources */ = {isa = PBXBuildFile; fileRef = C28E37762A4E00D900E26221 /* Poppins-Italic.ttf */; };
		C28E378A2A4E00DA00E26221 /* Poppins-ExtraBoldItalic.ttf in Resources */ = {isa = PBXBuildFile; fileRef = C28E37772A4E00D900E26221 /* Poppins-ExtraBoldItalic.ttf */; };
		C28E378B2A4E00DA00E26221 /* OFL.txt in Resources */ = {isa = PBXBuildFile; fileRef = C28E37782A4E00D900E26221 /* OFL.txt */; };
		C28E378C2A4E00DA00E26221 /* Poppins-ExtraLight.ttf in Resources */ = {isa = PBXBuildFile; fileRef = C28E37792A4E00D900E26221 /* Poppins-ExtraLight.ttf */; };
		C28E378D2A4E00DA00E26221 /* Poppins-LightItalic.ttf in Resources */ = {isa = PBXBuildFile; fileRef = C28E377A2A4E00D900E26221 /* Poppins-LightItalic.ttf */; };
		C28E378E2A4E00DA00E26221 /* Poppins-Regular.ttf in Resources */ = {isa = PBXBuildFile; fileRef = C28E377B2A4E00D900E26221 /* Poppins-Regular.ttf */; };
		C28E378F2A4E00DA00E26221 /* Poppins-SemiBold.ttf in Resources */ = {isa = PBXBuildFile; fileRef = C28E377C2A4E00D900E26221 /* Poppins-SemiBold.ttf */; };
		C28E37902A4E00DA00E26221 /* Poppins-SemiBoldItalic.ttf in Resources */ = {isa = PBXBuildFile; fileRef = C28E377D2A4E00D900E26221 /* Poppins-SemiBoldItalic.ttf */; };
		C28E37912A4E00DA00E26221 /* Poppins-Medium.ttf in Resources */ = {isa = PBXBuildFile; fileRef = C28E377E2A4E00D900E26221 /* Poppins-Medium.ttf */; };
		C28E37922A4E00DA00E26221 /* Poppins-BoldItalic.ttf in Resources */ = {isa = PBXBuildFile; fileRef = C28E377F2A4E00DA00E26221 /* Poppins-BoldItalic.ttf */; };
		C28E37932A4E00DA00E26221 /* Poppins-Light.ttf in Resources */ = {isa = PBXBuildFile; fileRef = C28E37802A4E00DA00E26221 /* Poppins-Light.ttf */; };
		C28E37962A4E00DA00E26221 /* Poppins-ExtraBold.ttf in Resources */ = {isa = PBXBuildFile; fileRef = C28E37832A4E00DA00E26221 /* Poppins-ExtraBold.ttf */; };
		C28E37972A4E00DA00E26221 /* Poppins-ExtraLightItalic.ttf in Resources */ = {isa = PBXBuildFile; fileRef = C28E37842A4E00DA00E26221 /* Poppins-ExtraLightItalic.ttf */; };
		C28E37982A4E00DA00E26221 /* Poppins-Black.ttf in Resources */ = {isa = PBXBuildFile; fileRef = C28E37852A4E00DA00E26221 /* Poppins-Black.ttf */; };
		C28E379B2A4E126600E26221 /* RoomTypeCell.swift in Sources */ = {isa = PBXBuildFile; fileRef = C28E379A2A4E126600E26221 /* RoomTypeCell.swift */; };
		C291D85A2A4EB270005E031E /* SpinnerView.swift in Sources */ = {isa = PBXBuildFile; fileRef = C291D8592A4EB270005E031E /* SpinnerView.swift */; };
		C29E35542A4BF6F9001810AE /* AppDelegate.swift in Sources */ = {isa = PBXBuildFile; fileRef = C29E35532A4BF6F9001810AE /* AppDelegate.swift */; };
		C29E35562A4BF6F9001810AE /* SceneDelegate.swift in Sources */ = {isa = PBXBuildFile; fileRef = C29E35552A4BF6F9001810AE /* SceneDelegate.swift */; };
		C29E355B2A4BF6F9001810AE /* Main.storyboard in Resources */ = {isa = PBXBuildFile; fileRef = C29E35592A4BF6F9001810AE /* Main.storyboard */; };
		C29E355D2A4BF6FC001810AE /* Assets.xcassets in Resources */ = {isa = PBXBuildFile; fileRef = C29E355C2A4BF6FC001810AE /* Assets.xcassets */; };
		C29E35602A4BF6FC001810AE /* LaunchScreen.storyboard in Resources */ = {isa = PBXBuildFile; fileRef = C29E355E2A4BF6FC001810AE /* LaunchScreen.storyboard */; };
		C29E35682A4BF74C001810AE /* DashboardVC.swift in Sources */ = {isa = PBXBuildFile; fileRef = C29E35672A4BF74C001810AE /* DashboardVC.swift */; };
		C29E356A2A4BF783001810AE /* BaseVC.swift in Sources */ = {isa = PBXBuildFile; fileRef = C29E35692A4BF783001810AE /* BaseVC.swift */; };
/* End PBXBuildFile section */

/* Begin PBXFileReference section */
		0A22F3513197C1D04B6F9086 /* Pods-RadiusAgent.release.xcconfig */ = {isa = PBXFileReference; includeInIndex = 1; lastKnownFileType = text.xcconfig; name = "Pods-RadiusAgent.release.xcconfig"; path = "Target Support Files/Pods-RadiusAgent/Pods-RadiusAgent.release.xcconfig"; sourceTree = "<group>"; };
		5AE0874931B5B5404814A603 /* Pods-RadiusAgent.debug.xcconfig */ = {isa = PBXFileReference; includeInIndex = 1; lastKnownFileType = text.xcconfig; name = "Pods-RadiusAgent.debug.xcconfig"; path = "Target Support Files/Pods-RadiusAgent/Pods-RadiusAgent.debug.xcconfig"; sourceTree = "<group>"; };
		662685F872A175F0BB8032C3 /* Pods_RadiusAgent.framework */ = {isa = PBXFileReference; explicitFileType = wrapper.framework; includeInIndex = 0; path = Pods_RadiusAgent.framework; sourceTree = BUILT_PRODUCTS_DIR; };
		C23A53D62A4E22B600ADA929 /* FacilityTypeCell.swift */ = {isa = PBXFileReference; lastKnownFileType = sourcecode.swift; path = FacilityTypeCell.swift; sourceTree = "<group>"; };
		C28E117D2A4EE02400C3BB0B /* vivek.swift */ = {isa = PBXFileReference; lastKnownFileType = sourcecode.swift; path = vivek.swift; sourceTree = "<group>"; };
		C28E375B2A4DCAE900E26221 /* PropertyTypeCell.swift */ = {isa = PBXFileReference; lastKnownFileType = sourcecode.swift; path = PropertyTypeCell.swift; sourceTree = "<group>"; };
		C28E37732A4E00D900E26221 /* Poppins-MediumItalic.ttf */ = {isa = PBXFileReference; lastKnownFileType = file; name = "Poppins-MediumItalic.ttf"; path = "../../../../Downloads/Poppins/Poppins-MediumItalic.ttf"; sourceTree = "<group>"; };
		C28E37742A4E00D900E26221 /* Poppins-BlackItalic.ttf */ = {isa = PBXFileReference; lastKnownFileType = file; name = "Poppins-BlackItalic.ttf"; path = "../../../../Downloads/Poppins/Poppins-BlackItalic.ttf"; sourceTree = "<group>"; };
		C28E37752A4E00D900E26221 /* Poppins-Bold.ttf */ = {isa = PBXFileReference; lastKnownFileType = file; name = "Poppins-Bold.ttf"; path = "../../../../Downloads/Poppins/Poppins-Bold.ttf"; sourceTree = "<group>"; };
		C28E37762A4E00D900E26221 /* Poppins-Italic.ttf */ = {isa = PBXFileReference; lastKnownFileType = file; name = "Poppins-Italic.ttf"; path = "../../../../Downloads/Poppins/Poppins-Italic.ttf"; sourceTree = "<group>"; };
		C28E37772A4E00D900E26221 /* Poppins-ExtraBoldItalic.ttf */ = {isa = PBXFileReference; lastKnownFileType = file; name = "Poppins-ExtraBoldItalic.ttf"; path = "../../../../Downloads/Poppins/Poppins-ExtraBoldItalic.ttf"; sourceTree = "<group>"; };
		C28E37782A4E00D900E26221 /* OFL.txt */ = {isa = PBXFileReference; fileEncoding = 4; lastKnownFileType = text; name = OFL.txt; path = ../../../../Downloads/Poppins/OFL.txt; sourceTree = "<group>"; };
		C28E37792A4E00D900E26221 /* Poppins-ExtraLight.ttf */ = {isa = PBXFileReference; lastKnownFileType = file; name = "Poppins-ExtraLight.ttf"; path = "../../../../Downloads/Poppins/Poppins-ExtraLight.ttf"; sourceTree = "<group>"; };
		C28E377A2A4E00D900E26221 /* Poppins-LightItalic.ttf */ = {isa = PBXFileReference; lastKnownFileType = file; name = "Poppins-LightItalic.ttf"; path = "../../../../Downloads/Poppins/Poppins-LightItalic.ttf"; sourceTree = "<group>"; };
		C28E377B2A4E00D900E26221 /* Poppins-Regular.ttf */ = {isa = PBXFileReference; lastKnownFileType = file; name = "Poppins-Regular.ttf"; path = "../../../../Downloads/Poppins/Poppins-Regular.ttf"; sourceTree = "<group>"; };
		C28E377C2A4E00D900E26221 /* Poppins-SemiBold.ttf */ = {isa = PBXFileReference; lastKnownFileType = file; name = "Poppins-SemiBold.ttf"; path = "../../../../Downloads/Poppins/Poppins-SemiBold.ttf"; sourceTree = "<group>"; };
		C28E377D2A4E00D900E26221 /* Poppins-SemiBoldItalic.ttf */ = {isa = PBXFileReference; lastKnownFileType = file; name = "Poppins-SemiBoldItalic.ttf"; path = "../../../../Downloads/Poppins/Poppins-SemiBoldItalic.ttf"; sourceTree = "<group>"; };
		C28E377E2A4E00D900E26221 /* Poppins-Medium.ttf */ = {isa = PBXFileReference; lastKnownFileType = file; name = "Poppins-Medium.ttf"; path = "../../../../Downloads/Poppins/Poppins-Medium.ttf"; sourceTree = "<group>"; };
		C28E377F2A4E00DA00E26221 /* Poppins-BoldItalic.ttf */ = {isa = PBXFileReference; lastKnownFileType = file; name = "Poppins-BoldItalic.ttf"; path = "../../../../Downloads/Poppins/Poppins-BoldItalic.ttf"; sourceTree = "<group>"; };
		C28E37802A4E00DA00E26221 /* Poppins-Light.ttf */ = {isa = PBXFileReference; lastKnownFileType = file; name = "Poppins-Light.ttf"; path = "../../../../Downloads/Poppins/Poppins-Light.ttf"; sourceTree = "<group>"; };
		C28E37832A4E00DA00E26221 /* Poppins-ExtraBold.ttf */ = {isa = PBXFileReference; lastKnownFileType = file; name = "Poppins-ExtraBold.ttf"; path = "../../../../Downloads/Poppins/Poppins-ExtraBold.ttf"; sourceTree = "<group>"; };
		C28E37842A4E00DA00E26221 /* Poppins-ExtraLightItalic.ttf */ = {isa = PBXFileReference; lastKnownFileType = file; name = "Poppins-ExtraLightItalic.ttf"; path = "../../../../Downloads/Poppins/Poppins-ExtraLightItalic.ttf"; sourceTree = "<group>"; };
		C28E37852A4E00DA00E26221 /* Poppins-Black.ttf */ = {isa = PBXFileReference; lastKnownFileType = file; name = "Poppins-Black.ttf"; path = "../../../../Downloads/Poppins/Poppins-Black.ttf"; sourceTree = "<group>"; };
		C28E379A2A4E126600E26221 /* RoomTypeCell.swift */ = {isa = PBXFileReference; lastKnownFileType = sourcecode.swift; path = RoomTypeCell.swift; sourceTree = "<group>"; };
		C291D8592A4EB270005E031E /* SpinnerView.swift */ = {isa = PBXFileReference; lastKnownFileType = sourcecode.swift; path = SpinnerView.swift; sourceTree = "<group>"; };
		C29E35502A4BF6F9001810AE /* RadiusAgent.app */ = {isa = PBXFileReference; explicitFileType = wrapper.application; includeInIndex = 0; path = RadiusAgent.app; sourceTree = BUILT_PRODUCTS_DIR; };
		C29E35532A4BF6F9001810AE /* AppDelegate.swift */ = {isa = PBXFileReference; lastKnownFileType = sourcecode.swift; path = AppDelegate.swift; sourceTree = "<group>"; };
		C29E35552A4BF6F9001810AE /* SceneDelegate.swift */ = {isa = PBXFileReference; lastKnownFileType = sourcecode.swift; path = SceneDelegate.swift; sourceTree = "<group>"; };
		C29E355A2A4BF6F9001810AE /* Base */ = {isa = PBXFileReference; lastKnownFileType = file.storyboard; name = Base; path = Base.lproj/Main.storyboard; sourceTree = "<group>"; };
		C29E355C2A4BF6FC001810AE /* Assets.xcassets */ = {isa = PBXFileReference; lastKnownFileType = folder.assetcatalog; path = Assets.xcassets; sourceTree = "<group>"; };
		C29E355F2A4BF6FC001810AE /* Base */ = {isa = PBXFileReference; lastKnownFileType = file.storyboard; name = Base; path = Base.lproj/LaunchScreen.storyboard; sourceTree = "<group>"; };
		C29E35612A4BF6FC001810AE /* Info.plist */ = {isa = PBXFileReference; lastKnownFileType = text.plist.xml; path = Info.plist; sourceTree = "<group>"; };
		C29E35672A4BF74C001810AE /* DashboardVC.swift */ = {isa = PBXFileReference; lastKnownFileType = sourcecode.swift; path = DashboardVC.swift; sourceTree = "<group>"; };
		C29E35692A4BF783001810AE /* BaseVC.swift */ = {isa = PBXFileReference; lastKnownFileType = sourcecode.swift; path = BaseVC.swift; sourceTree = "<group>"; };
/* End PBXFileReference section */

/* Begin PBXFrameworksBuildPhase section */
		C29E354D2A4BF6F9001810AE /* Frameworks */ = {
			isa = PBXFrameworksBuildPhase;
			buildActionMask = 2147483647;
			files = (
				18442D76F7DCBF62B3BA86FB /* Pods_RadiusAgent.framework in Frameworks */,
			);
			runOnlyForDeploymentPostprocessing = 0;
		};
/* End PBXFrameworksBuildPhase section */

/* Begin PBXGroup section */
		3FE611387E72359309FD5C5E /* Pods */ = {
			isa = PBXGroup;
			children = (
				5AE0874931B5B5404814A603 /* Pods-RadiusAgent.debug.xcconfig */,
				0A22F3513197C1D04B6F9086 /* Pods-RadiusAgent.release.xcconfig */,
			);
			path = Pods;
			sourceTree = "<group>";
		};
		5C707FBC11F9C9195C85C75A /* Frameworks */ = {
			isa = PBXGroup;
			children = (
				662685F872A175F0BB8032C3 /* Pods_RadiusAgent.framework */,
			);
			name = Frameworks;
			sourceTree = "<group>";
		};
		C28E37722A4E00BE00E26221 /* Fonts */ = {
			isa = PBXGroup;
			children = (
				C28E37782A4E00D900E26221 /* OFL.txt */,
				C28E37852A4E00DA00E26221 /* Poppins-Black.ttf */,
				C28E37742A4E00D900E26221 /* Poppins-BlackItalic.ttf */,
				C28E37752A4E00D900E26221 /* Poppins-Bold.ttf */,
				C28E377F2A4E00DA00E26221 /* Poppins-BoldItalic.ttf */,
				C28E37832A4E00DA00E26221 /* Poppins-ExtraBold.ttf */,
				C28E37772A4E00D900E26221 /* Poppins-ExtraBoldItalic.ttf */,
				C28E37792A4E00D900E26221 /* Poppins-ExtraLight.ttf */,
				C28E37842A4E00DA00E26221 /* Poppins-ExtraLightItalic.ttf */,
				C28E37762A4E00D900E26221 /* Poppins-Italic.ttf */,
				C28E37802A4E00DA00E26221 /* Poppins-Light.ttf */,
				C28E377A2A4E00D900E26221 /* Poppins-LightItalic.ttf */,
				C28E377E2A4E00D900E26221 /* Poppins-Medium.ttf */,
				C28E37732A4E00D900E26221 /* Poppins-MediumItalic.ttf */,
				C28E377B2A4E00D900E26221 /* Poppins-Regular.ttf */,
				C28E377C2A4E00D900E26221 /* Poppins-SemiBold.ttf */,
				C28E377D2A4E00D900E26221 /* Poppins-SemiBoldItalic.ttf */,
			);
			path = Fonts;
			sourceTree = "<group>";
		};
		C28E37992A4E019C00E26221 /* Common */ = {
			isa = PBXGroup;
			children = (
				C29E35552A4BF6F9001810AE /* SceneDelegate.swift */,
				C29E35532A4BF6F9001810AE /* AppDelegate.swift */,
			);
			path = Common;
			sourceTree = "<group>";
		};
		C28E379C2A4E126D00E26221 /* Cell */ = {
			isa = PBXGroup;
			children = (
				C28E375B2A4DCAE900E26221 /* PropertyTypeCell.swift */,
				C28E379A2A4E126600E26221 /* RoomTypeCell.swift */,
				C23A53D62A4E22B600ADA929 /* FacilityTypeCell.swift */,
				C28E117D2A4EE02400C3BB0B /* vivek.swift */,
			);
			path = Cell;
			sourceTree = "<group>";
		};
		C29E35472A4BF6F9001810AE = {
			isa = PBXGroup;
			children = (
				C29E35522A4BF6F9001810AE /* RadiusAgent */,
				C29E35512A4BF6F9001810AE /* Products */,
				3FE611387E72359309FD5C5E /* Pods */,
				5C707FBC11F9C9195C85C75A /* Frameworks */,
			);
			sourceTree = "<group>";
		};
		C29E35512A4BF6F9001810AE /* Products */ = {
			isa = PBXGroup;
			children = (
				C29E35502A4BF6F9001810AE /* RadiusAgent.app */,
			);
			name = Products;
			sourceTree = "<group>";
		};
		C29E35522A4BF6F9001810AE /* RadiusAgent */ = {
			isa = PBXGroup;
			children = (
				C291D8592A4EB270005E031E /* SpinnerView.swift */,
				C29E35692A4BF783001810AE /* BaseVC.swift */,
				C29E35672A4BF74C001810AE /* DashboardVC.swift */,
				C28E379C2A4E126D00E26221 /* Cell */,
				C29E35592A4BF6F9001810AE /* Main.storyboard */,
				C29E355E2A4BF6FC001810AE /* LaunchScreen.storyboard */,
				C29E355C2A4BF6FC001810AE /* Assets.xcassets */,
				C29E35612A4BF6FC001810AE /* Info.plist */,
				C28E37992A4E019C00E26221 /* Common */,
				C28E37722A4E00BE00E26221 /* Fonts */,
			);
			path = RadiusAgent;
			sourceTree = "<group>";
		};
/* End PBXGroup section */

/* Begin PBXNativeTarget section */
		C29E354F2A4BF6F9001810AE /* RadiusAgent */ = {
			isa = PBXNativeTarget;
			buildConfigurationList = C29E35642A4BF6FC001810AE /* Build configuration list for PBXNativeTarget "RadiusAgent" */;
			buildPhases = (
				9D0E09CBB746A137E18EC5CF /* [CP] Check Pods Manifest.lock */,
				C29E354C2A4BF6F9001810AE /* Sources */,
				C29E354D2A4BF6F9001810AE /* Frameworks */,
				C29E354E2A4BF6F9001810AE /* Resources */,
			);
			buildRules = (
			);
			dependencies = (
			);
			name = RadiusAgent;
			productName = RadiusAgent;
			productReference = C29E35502A4BF6F9001810AE /* RadiusAgent.app */;
			productType = "com.apple.product-type.application";
		};
/* End PBXNativeTarget section */

/* Begin PBXProject section */
		C29E35482A4BF6F9001810AE /* Project object */ = {
			isa = PBXProject;
			attributes = {
				BuildIndependentTargetsInParallel = 1;
				LastSwiftUpdateCheck = 1420;
				LastUpgradeCheck = 1420;
				TargetAttributes = {
					C29E354F2A4BF6F9001810AE = {
						CreatedOnToolsVersion = 14.2;
					};
				};
			};
			buildConfigurationList = C29E354B2A4BF6F9001810AE /* Build configuration list for PBXProject "RadiusAgent" */;
			compatibilityVersion = "Xcode 14.0";
			developmentRegion = en;
			hasScannedForEncodings = 0;
			knownRegions = (
				en,
				Base,
			);
			mainGroup = C29E35472A4BF6F9001810AE;
			productRefGroup = C29E35512A4BF6F9001810AE /* Products */;
			projectDirPath = "";
			projectRoot = "";
			targets = (
				C29E354F2A4BF6F9001810AE /* RadiusAgent */,
			);
		};
/* End PBXProject section */

/* Begin PBXResourcesBuildPhase section */
		C29E354E2A4BF6F9001810AE /* Resources */ = {
			isa = PBXResourcesBuildPhase;
			buildActionMask = 2147483647;
			files = (
				C28E378C2A4E00DA00E26221 /* Poppins-ExtraLight.ttf in Resources */,
				C28E37932A4E00DA00E26221 /* Poppins-Light.ttf in Resources */,
				C28E378A2A4E00DA00E26221 /* Poppins-ExtraBoldItalic.ttf in Resources */,
				C29E35602A4BF6FC001810AE /* LaunchScreen.storyboard in Resources */,
				C28E37902A4E00DA00E26221 /* Poppins-SemiBoldItalic.ttf in Resources */,
				C28E378E2A4E00DA00E26221 /* Poppins-Regular.ttf in Resources */,
				C28E378F2A4E00DA00E26221 /* Poppins-SemiBold.ttf in Resources */,
				C28E37982A4E00DA00E26221 /* Poppins-Black.ttf in Resources */,
				C28E37882A4E00DA00E26221 /* Poppins-Bold.ttf in Resources */,
				C28E378B2A4E00DA00E26221 /* OFL.txt in Resources */,
				C28E37892A4E00DA00E26221 /* Poppins-Italic.ttf in Resources */,
				C28E37912A4E00DA00E26221 /* Poppins-Medium.ttf in Resources */,
				C28E37862A4E00DA00E26221 /* Poppins-MediumItalic.ttf in Resources */,
				C28E37872A4E00DA00E26221 /* Poppins-BlackItalic.ttf in Resources */,
				C29E355D2A4BF6FC001810AE /* Assets.xcassets in Resources */,
				C28E37972A4E00DA00E26221 /* Poppins-ExtraLightItalic.ttf in Resources */,
				C29E355B2A4BF6F9001810AE /* Main.storyboard in Resources */,
				C28E37962A4E00DA00E26221 /* Poppins-ExtraBold.ttf in Resources */,
				C28E378D2A4E00DA00E26221 /* Poppins-LightItalic.ttf in Resources */,
				C28E37922A4E00DA00E26221 /* Poppins-BoldItalic.ttf in Resources */,
			);
			runOnlyForDeploymentPostprocessing = 0;
		};
/* End PBXResourcesBuildPhase section */

/* Begin PBXShellScriptBuildPhase section */
		9D0E09CBB746A137E18EC5CF /* [CP] Check Pods Manifest.lock */ = {
			isa = PBXShellScriptBuildPhase;
			buildActionMask = 2147483647;
			files = (
			);
			inputFileListPaths = (
			);
			inputPaths = (
				"${PODS_PODFILE_DIR_PATH}/Podfile.lock",
				"${PODS_ROOT}/Manifest.lock",
			);
			name = "[CP] Check Pods Manifest.lock";
			outputFileListPaths = (
			);
			outputPaths = (
				"$(DERIVED_FILE_DIR)/Pods-RadiusAgent-checkManifestLockResult.txt",
			);
			runOnlyForDeploymentPostprocessing = 0;
			shellPath = /bin/sh;
			shellScript = "diff \"${PODS_PODFILE_DIR_PATH}/Podfile.lock\" \"${PODS_ROOT}/Manifest.lock\" > /dev/null\nif [ $? != 0 ] ; then\n    # print error to STDERR\n    echo \"error: The sandbox is not in sync with the Podfile.lock. Run 'pod install' or update your CocoaPods installation.\" >&2\n    exit 1\nfi\n# This output is used by Xcode 'outputs' to avoid re-running this script phase.\necho \"SUCCESS\" > \"${SCRIPT_OUTPUT_FILE_0}\"\n";
			showEnvVarsInLog = 0;
		};
/* End PBXShellScriptBuildPhase section */

/* Begin PBXSourcesBuildPhase section */
		C29E354C2A4BF6F9001810AE /* Sources */ = {
			isa = PBXSourcesBuildPhase;
			buildActionMask = 2147483647;
			files = (
				C29E35682A4BF74C001810AE /* DashboardVC.swift in Sources */,
				C291D85A2A4EB270005E031E /* SpinnerView.swift in Sources */,
				C23A53D72A4E22B600ADA929 /* FacilityTypeCell.swift in Sources */,
				C28E375C2A4DCAE900E26221 /* PropertyTypeCell.swift in Sources */,
				C28E117E2A4EE02400C3BB0B /* vivek.swift in Sources */,
				C29E35542A4BF6F9001810AE /* AppDelegate.swift in Sources */,
				C29E35562A4BF6F9001810AE /* SceneDelegate.swift in Sources */,
				C29E356A2A4BF783001810AE /* BaseVC.swift in Sources */,
				C28E379B2A4E126600E26221 /* RoomTypeCell.swift in Sources */,
			);
			runOnlyForDeploymentPostprocessing = 0;
		};
/* End PBXSourcesBuildPhase section */

/* Begin PBXVariantGroup section */
		C29E35592A4BF6F9001810AE /* Main.storyboard */ = {
			isa = PBXVariantGroup;
			children = (
				C29E355A2A4BF6F9001810AE /* Base */,
			);
			name = Main.storyboard;
			sourceTree = "<group>";
		};
		C29E355E2A4BF6FC001810AE /* LaunchScreen.storyboard */ = {
			isa = PBXVariantGroup;
			children = (
				C29E355F2A4BF6FC001810AE /* Base */,
			);
			name = LaunchScreen.storyboard;
			sourceTree = "<group>";
		};
/* End PBXVariantGroup section */

/* Begin XCBuildConfiguration section */
		C29E35622A4BF6FC001810AE /* Debug */ = {
			isa = XCBuildConfiguration;
			buildSettings = {
				ALWAYS_SEARCH_USER_PATHS = NO;
				CLANG_ANALYZER_NONNULL = YES;
				CLANG_ANALYZER_NUMBER_OBJECT_CONVERSION = YES_AGGRESSIVE;
				CLANG_CXX_LANGUAGE_STANDARD = "gnu++20";
				CLANG_ENABLE_MODULES = YES;
				CLANG_ENABLE_OBJC_ARC = YES;
				CLANG_ENABLE_OBJC_WEAK = YES;
				CLANG_WARN_BLOCK_CAPTURE_AUTORELEASING = YES;
				CLANG_WARN_BOOL_CONVERSION = YES;
				CLANG_WARN_COMMA = YES;
				CLANG_WARN_CONSTANT_CONVERSION = YES;
				CLANG_WARN_DEPRECATED_OBJC_IMPLEMENTATIONS = YES;
				CLANG_WARN_DIRECT_OBJC_ISA_USAGE = YES_ERROR;
				CLANG_WARN_DOCUMENTATION_COMMENTS = YES;
				CLANG_WARN_EMPTY_BODY = YES;
				CLANG_WARN_ENUM_CONVERSION = YES;
				CLANG_WARN_INFINITE_RECURSION = YES;
				CLANG_WARN_INT_CONVERSION = YES;
				CLANG_WARN_NON_LITERAL_NULL_CONVERSION = YES;
				CLANG_WARN_OBJC_IMPLICIT_RETAIN_SELF = YES;
				CLANG_WARN_OBJC_LITERAL_CONVERSION = YES;
				CLANG_WARN_OBJC_ROOT_CLASS = YES_ERROR;
				CLANG_WARN_QUOTED_INCLUDE_IN_FRAMEWORK_HEADER = YES;
				CLANG_WARN_RANGE_LOOP_ANALYSIS = YES;
				CLANG_WARN_STRICT_PROTOTYPES = YES;
				CLANG_WARN_SUSPICIOUS_MOVE = YES;
				CLANG_WARN_UNGUARDED_AVAILABILITY = YES_AGGRESSIVE;
				CLANG_WARN_UNREACHABLE_CODE = YES;
				CLANG_WARN__DUPLICATE_METHOD_MATCH = YES;
				COPY_PHASE_STRIP = NO;
				DEBUG_INFORMATION_FORMAT = dwarf;
				ENABLE_STRICT_OBJC_MSGSEND = YES;
				ENABLE_TESTABILITY = YES;
				GCC_C_LANGUAGE_STANDARD = gnu11;
				GCC_DYNAMIC_NO_PIC = NO;
				GCC_NO_COMMON_BLOCKS = YES;
				GCC_OPTIMIZATION_LEVEL = 0;
				GCC_PREPROCESSOR_DEFINITIONS = (
					"DEBUG=1",
					"$(inherited)",
				);
				GCC_WARN_64_TO_32_BIT_CONVERSION = YES;
				GCC_WARN_ABOUT_RETURN_TYPE = YES_ERROR;
				GCC_WARN_UNDECLARED_SELECTOR = YES;
				GCC_WARN_UNINITIALIZED_AUTOS = YES_AGGRESSIVE;
				GCC_WARN_UNUSED_FUNCTION = YES;
				GCC_WARN_UNUSED_VARIABLE = YES;
				IPHONEOS_DEPLOYMENT_TARGET = 16.2;
				MTL_ENABLE_DEBUG_INFO = INCLUDE_SOURCE;
				MTL_FAST_MATH = YES;
				ONLY_ACTIVE_ARCH = YES;
				SDKROOT = iphoneos;
				SWIFT_ACTIVE_COMPILATION_CONDITIONS = DEBUG;
				SWIFT_OPTIMIZATION_LEVEL = "-Onone";
			};
			name = Debug;
		};
		C29E35632A4BF6FC001810AE /* Release */ = {
			isa = XCBuildConfiguration;
			buildSettings = {
				ALWAYS_SEARCH_USER_PATHS = NO;
				CLANG_ANALYZER_NONNULL = YES;
				CLANG_ANALYZER_NUMBER_OBJECT_CONVERSION = YES_AGGRESSIVE;
				CLANG_CXX_LANGUAGE_STANDARD = "gnu++20";
				CLANG_ENABLE_MODULES = YES;
				CLANG_ENABLE_OBJC_ARC = YES;
				CLANG_ENABLE_OBJC_WEAK = YES;
				CLANG_WARN_BLOCK_CAPTURE_AUTORELEASING = YES;
				CLANG_WARN_BOOL_CONVERSION = YES;
				CLANG_WARN_COMMA = YES;
				CLANG_WARN_CONSTANT_CONVERSION = YES;
				CLANG_WARN_DEPRECATED_OBJC_IMPLEMENTATIONS = YES;
				CLANG_WARN_DIRECT_OBJC_ISA_USAGE = YES_ERROR;
				CLANG_WARN_DOCUMENTATION_COMMENTS = YES;
				CLANG_WARN_EMPTY_BODY = YES;
				CLANG_WARN_ENUM_CONVERSION = YES;
				CLANG_WARN_INFINITE_RECURSION = YES;
				CLANG_WARN_INT_CONVERSION = YES;
				CLANG_WARN_NON_LITERAL_NULL_CONVERSION = YES;
				CLANG_WARN_OBJC_IMPLICIT_RETAIN_SELF = YES;
				CLANG_WARN_OBJC_LITERAL_CONVERSION = YES;
				CLANG_WARN_OBJC_ROOT_CLASS = YES_ERROR;
				CLANG_WARN_QUOTED_INCLUDE_IN_FRAMEWORK_HEADER = YES;
				CLANG_WARN_RANGE_LOOP_ANALYSIS = YES;
				CLANG_WARN_STRICT_PROTOTYPES = YES;
				CLANG_WARN_SUSPICIOUS_MOVE = YES;
				CLANG_WARN_UNGUARDED_AVAILABILITY = YES_AGGRESSIVE;
				CLANG_WARN_UNREACHABLE_CODE = YES;
				CLANG_WARN__DUPLICATE_METHOD_MATCH = YES;
				COPY_PHASE_STRIP = NO;
				DEBUG_INFORMATION_FORMAT = "dwarf-with-dsym";
				ENABLE_NS_ASSERTIONS = NO;
				ENABLE_STRICT_OBJC_MSGSEND = YES;
				GCC_C_LANGUAGE_STANDARD = gnu11;
				GCC_NO_COMMON_BLOCKS = YES;
				GCC_WARN_64_TO_32_BIT_CONVERSION = YES;
				GCC_WARN_ABOUT_RETURN_TYPE = YES_ERROR;
				GCC_WARN_UNDECLARED_SELECTOR = YES;
				GCC_WARN_UNINITIALIZED_AUTOS = YES_AGGRESSIVE;
				GCC_WARN_UNUSED_FUNCTION = YES;
				GCC_WARN_UNUSED_VARIABLE = YES;
				IPHONEOS_DEPLOYMENT_TARGET = 16.2;
				MTL_ENABLE_DEBUG_INFO = NO;
				MTL_FAST_MATH = YES;
				SDKROOT = iphoneos;
				SWIFT_COMPILATION_MODE = wholemodule;
				SWIFT_OPTIMIZATION_LEVEL = "-O";
				VALIDATE_PRODUCT = YES;
			};
			name = Release;
		};
		C29E35652A4BF6FC001810AE /* Debug */ = {
			isa = XCBuildConfiguration;
			baseConfigurationReference = 5AE0874931B5B5404814A603 /* Pods-RadiusAgent.debug.xcconfig */;
			buildSettings = {
				ASSETCATALOG_COMPILER_APPICON_NAME = AppIcon;
				ASSETCATALOG_COMPILER_GLOBAL_ACCENT_COLOR_NAME = AccentColor;
				CODE_SIGN_STYLE = Automatic;
				CURRENT_PROJECT_VERSION = 1;
				DEVELOPMENT_TEAM = 6LNVK7X3C2;
				GENERATE_INFOPLIST_FILE = YES;
				INFOPLIST_FILE = RadiusAgent/Info.plist;
				INFOPLIST_KEY_UIApplicationSupportsIndirectInputEvents = YES;
				INFOPLIST_KEY_UILaunchStoryboardName = LaunchScreen;
				INFOPLIST_KEY_UIMainStoryboardFile = Main;
				INFOPLIST_KEY_UISupportedInterfaceOrientations_iPad = "UIInterfaceOrientationPortrait UIInterfaceOrientationPortraitUpsideDown UIInterfaceOrientationLandscapeLeft UIInterfaceOrientationLandscapeRight";
				INFOPLIST_KEY_UISupportedInterfaceOrientations_iPhone = "UIInterfaceOrientationPortrait UIInterfaceOrientationLandscapeLeft UIInterfaceOrientationLandscapeRight";
				LD_RUNPATH_SEARCH_PATHS = (
					"$(inherited)",
					"@executable_path/Frameworks",
				);
				MARKETING_VERSION = 1.0;
				PRODUCT_BUNDLE_IDENTIFIER = com.viv.RadiusAgent;
				PRODUCT_NAME = "$(TARGET_NAME)";
				SWIFT_EMIT_LOC_STRINGS = YES;
				SWIFT_VERSION = 5.0;
				TARGETED_DEVICE_FAMILY = "1,2";
			};
			name = Debug;
		};
		C29E35662A4BF6FC001810AE /* Release */ = {
			isa = XCBuildConfiguration;
			baseConfigurationReference = 0A22F3513197C1D04B6F9086 /* Pods-RadiusAgent.release.xcconfig */;
			buildSettings = {
				ASSETCATALOG_COMPILER_APPICON_NAME = AppIcon;
				ASSETCATALOG_COMPILER_GLOBAL_ACCENT_COLOR_NAME = AccentColor;
				CODE_SIGN_STYLE = Automatic;
				CURRENT_PROJECT_VERSION = 1;
				DEVELOPMENT_TEAM = 6LNVK7X3C2;
				GENERATE_INFOPLIST_FILE = YES;
				INFOPLIST_FILE = RadiusAgent/Info.plist;
				INFOPLIST_KEY_UIApplicationSupportsIndirectInputEvents = YES;
				INFOPLIST_KEY_UILaunchStoryboardName = LaunchScreen;
				INFOPLIST_KEY_UIMainStoryboardFile = Main;
				INFOPLIST_KEY_UISupportedInterfaceOrientations_iPad = "UIInterfaceOrientationPortrait UIInterfaceOrientationPortraitUpsideDown UIInterfaceOrientationLandscapeLeft UIInterfaceOrientationLandscapeRight";
				INFOPLIST_KEY_UISupportedInterfaceOrientations_iPhone = "UIInterfaceOrientationPortrait UIInterfaceOrientationLandscapeLeft UIInterfaceOrientationLandscapeRight";
				LD_RUNPATH_SEARCH_PATHS = (
					"$(inherited)",
					"@executable_path/Frameworks",
				);
				MARKETING_VERSION = 1.0;
				PRODUCT_BUNDLE_IDENTIFIER = com.viv.RadiusAgent;
				PRODUCT_NAME = "$(TARGET_NAME)";
				SWIFT_EMIT_LOC_STRINGS = YES;
				SWIFT_VERSION = 5.0;
				TARGETED_DEVICE_FAMILY = "1,2";
			};
			name = Release;
		};
/* End XCBuildConfiguration section */

/* Begin XCConfigurationList section */
		C29E354B2A4BF6F9001810AE /* Build configuration list for PBXProject "RadiusAgent" */ = {
			isa = XCConfigurationList;
			buildConfigurations = (
				C29E35622A4BF6FC001810AE /* Debug */,
				C29E35632A4BF6FC001810AE /* Release */,
			);
			defaultConfigurationIsVisible = 0;
			defaultConfigurationName = Release;
		};
		C29E35642A4BF6FC001810AE /* Build configuration list for PBXNativeTarget "RadiusAgent" */ = {
			isa = XCConfigurationList;
			buildConfigurations = (
				C29E35652A4BF6FC001810AE /* Debug */,
				C29E35662A4BF6FC001810AE /* Release */,
			);
			defaultConfigurationIsVisible = 0;
			defaultConfigurationName = Release;
		};
/* End XCConfigurationList section */
	};
	rootObject = C29E35482A4BF6F9001810AE /* Project object */;
}
